
Microsoft Visual Studio Solution File, Format Version 12.00
# Visual Studio Version 17
VisualStudioVersion = 17.0.32112.339
MinimumVisualStudioVersion = 10.0.40219.1
Project("{FAE04EC0-301F-11D3-BF4B-00C04F79EFBC}") = "Survey.Web", "Survey.Web\Survey.Web.csproj", "{BD99358F-59C9-4BC2-9045-C64EBF1E40A7}"
EndProject
Project("{FAE04EC0-301F-11D3-BF4B-00C04F79EFBC}") = "Survey.Core", "Survey.Core\Survey.Core.csproj", "{06938AFA-9F18-4F94-8BEF-8D98D2E9F96B}"
EndProject
Project("{FAE04EC0-301F-11D3-BF4B-00C04F79EFBC}") = "Survey.Infrastructure", "Survey.Infrastructure\Survey.Infrastructure.csproj", "{1AAD2ADE-15B1-400A-964B-F26D821A4B5B}"
EndProject
Global
	GlobalSection(SolutionConfigurationPlatforms) = preSolution
		Debug|Any CPU = Debug|Any CPU
		Release|Any CPU = Release|Any CPU
	EndGlobalSection
	GlobalSection(ProjectConfigurationPlatforms) = postSolution
		{BD99358F-59C9-4BC2-9045-C64EBF1E40A7}.Debug|Any CPU.ActiveCfg = Debug|Any CPU
		{BD99358F-59C9-4BC2-9045-C64EBF1E40A7}.Debug|Any CPU.Build.0 = Debug|Any CPU
		{BD99358F-59C9-4BC2-9045-C64EBF1E40A7}.Release|Any CPU.ActiveCfg = Release|Any CPU
		{BD99358F-59C9-4BC2-9045-C64EBF1E40A7}.Release|Any CPU.Build.0 = Release|Any CPU
		{06938AFA-9F18-4F94-8BEF-8D98D2E9F96B}.Debug|Any CPU.ActiveCfg = Debug|Any CPU
		{06938AFA-9F18-4F94-8BEF-8D98D2E9F96B}.Debug|Any CPU.Build.0 = Debug|Any CPU
		{06938AFA-9F18-4F94-8BEF-8D98D2E9F96B}.Release|Any CPU.ActiveCfg = Release|Any CPU
		{06938AFA-9F18-4F94-8BEF-8D98D2E9F96B}.Release|Any CPU.Build.0 = Release|Any CPU
		{1AAD2ADE-15B1-400A-964B-F26D821A4B5B}.Debug|Any CPU.ActiveCfg = Debug|Any CPU
		{1AAD2ADE-15B1-400A-964B-F26D821A4B5B}.Debug|Any CPU.Build.0 = Debug|Any CPU
		{1AAD2ADE-15B1-400A-964B-F26D821A4B5B}.Release|Any CPU.ActiveCfg = Release|Any CPU
		{1AAD2ADE-15B1-400A-964B-F26D821A4B5B}.Release|Any CPU.Build.0 = Release|Any CPU
	EndGlobalSection
	GlobalSection(SolutionProperties) = preSolution
		HideSolutionNode = FALSE
	EndGlobalSection
	GlobalSection(ExtensibilityGlobals) = postSolution
		SolutionGuid = {7568AF0F-C767-4DF9-AEBE-78076F4E133F}
	EndGlobalSection
EndGlobal
